
Microsoft Visual Studio Solution File, Format Version 12.00
# Visual Studio Version 16
VisualStudioVersion = 16.0.30114.105
MinimumVisualStudioVersion = 10.0.40219.1
Project("{FAE04EC0-301F-11D3-BF4B-00C04F79EFBC}") = "ServiceA", "ServiceA\ServiceA.csproj", "{9E35AAA9-20AD-40D9-BF3A-528BD55A913D}"
EndProject
Global
	GlobalSection(SolutionConfigurationPlatforms) = preSolution
		Debug|Any CPU = Debug|Any CPU
		Release|Any CPU = Release|Any CPU
	EndGlobalSection
	GlobalSection(SolutionProperties) = preSolution
		HideSolutionNode = FALSE
	EndGlobalSection
	GlobalSection(ProjectConfigurationPlatforms) = postSolution
		{9E35AAA9-20AD-40D9-BF3A-528BD55A913D}.Debug|Any CPU.ActiveCfg = Debug|Any CPU
		{9E35AAA9-20AD-40D9-BF3A-528BD55A913D}.Debug|Any CPU.Build.0 = Debug|Any CPU
		{9E35AAA9-20AD-40D9-BF3A-528BD55A913D}.Release|Any CPU.ActiveCfg = Release|Any CPU
		{9E35AAA9-20AD-40D9-BF3A-528BD55A913D}.Release|Any CPU.Build.0 = Release|Any CPU
	EndGlobalSection
EndGlobal
